
Microsoft Visual Studio Solution File, Format Version 12.00
Project("{FAE04EC0-301F-11D3-BF4B-00C04F79EFBC}") = "P01_StudentSystem", "P01_StudentSystem\P01_StudentSystem.csproj", "{DD2F0695-673D-4D8F-B2BA-11E2B8A79E56}"
EndProject
Project("{FAE04EC0-301F-11D3-BF4B-00C04F79EFBC}") = "P01_StudentSystem.Data", "P01_StudentSystem.Data\P01_StudentSystem.Data.csproj", "{0B373EC3-8339-4050-8871-16368B35602E}"
EndProject
Project("{FAE04EC0-301F-11D3-BF4B-00C04F79EFBC}") = "P01_StudentSystem.Data.Models", "P01_StudentSystem.Data.Models\P01_StudentSystem.Data.Models.csproj", "{46633D88-6F4E-4A84-AD0E-F5C8A3515951}"
EndProject
Project("{FAE04EC0-301F-11D3-BF4B-00C04F79EFBC}") = "P02_FootballBetting", "P02_FootballBetting\P02_FootballBetting.csproj", "{2818F860-17D5-4B7D-969D-64E6D11ED35F}"
EndProject
Project("{FAE04EC0-301F-11D3-BF4B-00C04F79EFBC}") = "P02_FootballBetting.Data", "P02_FootballBetting.Data\P02_FootballBetting.Data.csproj", "{96791969-6A17-4FBA-BEDB-3BCE9CB48EB9}"
EndProject
Project("{FAE04EC0-301F-11D3-BF4B-00C04F79EFBC}") = "P02_FootballBetting.Data.Models", "P02_FootballBetting.Data.Models\P02_FootballBetting.Data.Models.csproj", "{2EC02F04-B265-4CA4-AFEC-26F90375C1A1}"
EndProject
Project("{FAE04EC0-301F-11D3-BF4B-00C04F79EFBC}") = "P02_FootballBetting.Data.Common", "P02_FootballBetting.Data.Common\P02_FootballBetting.Data.Common.csproj", "{AE96DFC5-3973-4809-A556-5DB128FE19D7}"
EndProject
Project("{FAE04EC0-301F-11D3-BF4B-00C04F79EFBC}") = "Tests", "Tests\Tests.csproj", "{B2681AE3-0E3C-4803-80D0-F47614A534CF}"
EndProject
Global
	GlobalSection(SolutionConfigurationPlatforms) = preSolution
		Debug|Any CPU = Debug|Any CPU
		Release|Any CPU = Release|Any CPU
	EndGlobalSection
	GlobalSection(ProjectConfigurationPlatforms) = postSolution
		{DD2F0695-673D-4D8F-B2BA-11E2B8A79E56}.Debug|Any CPU.ActiveCfg = Debug|Any CPU
		{DD2F0695-673D-4D8F-B2BA-11E2B8A79E56}.Debug|Any CPU.Build.0 = Debug|Any CPU
		{DD2F0695-673D-4D8F-B2BA-11E2B8A79E56}.Release|Any CPU.ActiveCfg = Release|Any CPU
		{DD2F0695-673D-4D8F-B2BA-11E2B8A79E56}.Release|Any CPU.Build.0 = Release|Any CPU
		{0B373EC3-8339-4050-8871-16368B35602E}.Debug|Any CPU.ActiveCfg = Debug|Any CPU
		{0B373EC3-8339-4050-8871-16368B35602E}.Debug|Any CPU.Build.0 = Debug|Any CPU
		{0B373EC3-8339-4050-8871-16368B35602E}.Release|Any CPU.ActiveCfg = Release|Any CPU
		{0B373EC3-8339-4050-8871-16368B35602E}.Release|Any CPU.Build.0 = Release|Any CPU
		{46633D88-6F4E-4A84-AD0E-F5C8A3515951}.Debug|Any CPU.ActiveCfg = Debug|Any CPU
		{46633D88-6F4E-4A84-AD0E-F5C8A3515951}.Debug|Any CPU.Build.0 = Debug|Any CPU
		{46633D88-6F4E-4A84-AD0E-F5C8A3515951}.Release|Any CPU.ActiveCfg = Release|Any CPU
		{46633D88-6F4E-4A84-AD0E-F5C8A3515951}.Release|Any CPU.Build.0 = Release|Any CPU
		{2818F860-17D5-4B7D-969D-64E6D11ED35F}.Debug|Any CPU.ActiveCfg = Debug|Any CPU
		{2818F860-17D5-4B7D-969D-64E6D11ED35F}.Debug|Any CPU.Build.0 = Debug|Any CPU
		{2818F860-17D5-4B7D-969D-64E6D11ED35F}.Release|Any CPU.ActiveCfg = Release|Any CPU
		{2818F860-17D5-4B7D-969D-64E6D11ED35F}.Release|Any CPU.Build.0 = Release|Any CPU
		{96791969-6A17-4FBA-BEDB-3BCE9CB48EB9}.Debug|Any CPU.ActiveCfg = Debug|Any CPU
		{96791969-6A17-4FBA-BEDB-3BCE9CB48EB9}.Debug|Any CPU.Build.0 = Debug|Any CPU
		{96791969-6A17-4FBA-BEDB-3BCE9CB48EB9}.Release|Any CPU.ActiveCfg = Release|Any CPU
		{96791969-6A17-4FBA-BEDB-3BCE9CB48EB9}.Release|Any CPU.Build.0 = Release|Any CPU
		{2EC02F04-B265-4CA4-AFEC-26F90375C1A1}.Debug|Any CPU.ActiveCfg = Debug|Any CPU
		{2EC02F04-B265-4CA4-AFEC-26F90375C1A1}.Debug|Any CPU.Build.0 = Debug|Any CPU
		{2EC02F04-B265-4CA4-AFEC-26F90375C1A1}.Release|Any CPU.ActiveCfg = Release|Any CPU
		{2EC02F04-B265-4CA4-AFEC-26F90375C1A1}.Release|Any CPU.Build.0 = Release|Any CPU
		{AE96DFC5-3973-4809-A556-5DB128FE19D7}.Debug|Any CPU.ActiveCfg = Debug|Any CPU
		{AE96DFC5-3973-4809-A556-5DB128FE19D7}.Debug|Any CPU.Build.0 = Debug|Any CPU
		{AE96DFC5-3973-4809-A556-5DB128FE19D7}.Release|Any CPU.ActiveCfg = Release|Any CPU
		{AE96DFC5-3973-4809-A556-5DB128FE19D7}.Release|Any CPU.Build.0 = Release|Any CPU
		{B2681AE3-0E3C-4803-80D0-F47614A534CF}.Debug|Any CPU.ActiveCfg = Debug|Any CPU
		{B2681AE3-0E3C-4803-80D0-F47614A534CF}.Debug|Any CPU.Build.0 = Debug|Any CPU
		{B2681AE3-0E3C-4803-80D0-F47614A534CF}.Release|Any CPU.ActiveCfg = Release|Any CPU
		{B2681AE3-0E3C-4803-80D0-F47614A534CF}.Release|Any CPU.Build.0 = Release|Any CPU
	EndGlobalSection
EndGlobal
