
Microsoft Visual Studio Solution File, Format Version 12.00
Project("{FAE04EC0-301F-11D3-BF4B-00C04F79EFBC}") = "ProductShop", "ProductShop\ProductShop.csproj", "{1BFEB680-CCBD-49FF-826F-6723460E1DB0}"
EndProject
Project("{FAE04EC0-301F-11D3-BF4B-00C04F79EFBC}") = "CarDealer", "CarDealer\CarDealer.csproj", "{2A7A6F5A-9A13-45FE-AABB-BE01649D71AF}"
EndProject
Global
	GlobalSection(SolutionConfigurationPlatforms) = preSolution
		Debug|Any CPU = Debug|Any CPU
		Release|Any CPU = Release|Any CPU
	EndGlobalSection
	GlobalSection(ProjectConfigurationPlatforms) = postSolution
		{1BFEB680-CCBD-49FF-826F-6723460E1DB0}.Debug|Any CPU.ActiveCfg = Debug|Any CPU
		{1BFEB680-CCBD-49FF-826F-6723460E1DB0}.Debug|Any CPU.Build.0 = Debug|Any CPU
		{1BFEB680-CCBD-49FF-826F-6723460E1DB0}.Release|Any CPU.ActiveCfg = Release|Any CPU
		{1BFEB680-CCBD-49FF-826F-6723460E1DB0}.Release|Any CPU.Build.0 = Release|Any CPU
		{2A7A6F5A-9A13-45FE-AABB-BE01649D71AF}.Debug|Any CPU.ActiveCfg = Debug|Any CPU
		{2A7A6F5A-9A13-45FE-AABB-BE01649D71AF}.Debug|Any CPU.Build.0 = Debug|Any CPU
		{2A7A6F5A-9A13-45FE-AABB-BE01649D71AF}.Release|Any CPU.ActiveCfg = Release|Any CPU
		{2A7A6F5A-9A13-45FE-AABB-BE01649D71AF}.Release|Any CPU.Build.0 = Release|Any CPU
	EndGlobalSection
EndGlobal
