
Microsoft Visual Studio Solution File, Format Version 12.00
# Visual Studio Version 16
VisualStudioVersion = 25.0.1706.1
MinimumVisualStudioVersion = 10.0.40219.1
Project("{FAE04EC0-301F-11D3-BF4B-00C04F79EFBC}") = "Blog.Data.Common", "Blog.Data.Common.csproj", "{58BBCABE-7D65-48A2-8B94-7E41DE25573C}"
EndProject
Global
	GlobalSection(SolutionConfigurationPlatforms) = preSolution
		Debug|Any CPU = Debug|Any CPU
		Release|Any CPU = Release|Any CPU
	EndGlobalSection
	GlobalSection(ProjectConfigurationPlatforms) = postSolution
		{58BBCABE-7D65-48A2-8B94-7E41DE25573C}.Debug|Any CPU.ActiveCfg = Debug|Any CPU
		{58BBCABE-7D65-48A2-8B94-7E41DE25573C}.Debug|Any CPU.Build.0 = Debug|Any CPU
		{58BBCABE-7D65-48A2-8B94-7E41DE25573C}.Release|Any CPU.ActiveCfg = Release|Any CPU
		{58BBCABE-7D65-48A2-8B94-7E41DE25573C}.Release|Any CPU.Build.0 = Release|Any CPU
	EndGlobalSection
	GlobalSection(SolutionProperties) = preSolution
		HideSolutionNode = FALSE
	EndGlobalSection
	GlobalSection(ExtensibilityGlobals) = postSolution
		SolutionGuid = {EC8A8D8E-61EE-4D77-8416-3990759FF75B}
	EndGlobalSection
EndGlobal
